
Microsoft Visual Studio Solution File, Format Version 12.00
# Visual Studio 15
VisualStudioVersion = 15.0.28307.168
MinimumVisualStudioVersion = 10.0.40219.1
Project("{FAE04EC0-301F-11D3-BF4B-00C04F79EFBC}") = "Teamteam.Android", "Teamteam\Teamteam.Android\Teamteam.Android.csproj", "{10FA2DF7-E2E8-4977-B0A2-5E00A4113D09}"
EndProject
Project("{FAE04EC0-301F-11D3-BF4B-00C04F79EFBC}") = "Teamteam.iOS", "Teamteam\Teamteam.iOS\Teamteam.iOS.csproj", "{487A30BC-8384-4637-A15A-0C7B0ED01180}"
EndProject
Project("{FAE04EC0-301F-11D3-BF4B-00C04F79EFBC}") = "Teamteam.UWP", "Teamteam\Teamteam.UWP\Teamteam.UWP.csproj", "{09E520C4-3BC3-4B59-B756-377580D161FF}"
EndProject
Project("{FAE04EC0-301F-11D3-BF4B-00C04F79EFBC}") = "Teamteam", "Teamteam\Teamteam\Teamteam.csproj", "{C1953A48-4115-402D-9B1A-AB7345174289}"
EndProject
Global
	GlobalSection(SolutionConfigurationPlatforms) = preSolution
		Ad-Hoc|Any CPU = Ad-Hoc|Any CPU
		Ad-Hoc|ARM = Ad-Hoc|ARM
		Ad-Hoc|iPhone = Ad-Hoc|iPhone
		Ad-Hoc|iPhoneSimulator = Ad-Hoc|iPhoneSimulator
		Ad-Hoc|x64 = Ad-Hoc|x64
		Ad-Hoc|x86 = Ad-Hoc|x86
		AppStore|Any CPU = AppStore|Any CPU
		AppStore|ARM = AppStore|ARM
		AppStore|iPhone = AppStore|iPhone
		AppStore|iPhoneSimulator = AppStore|iPhoneSimulator
		AppStore|x64 = AppStore|x64
		AppStore|x86 = AppStore|x86
		Debug|Any CPU = Debug|Any CPU
		Debug|ARM = Debug|ARM
		Debug|iPhone = Debug|iPhone
		Debug|iPhoneSimulator = Debug|iPhoneSimulator
		Debug|x64 = Debug|x64
		Debug|x86 = Debug|x86
		Release|Any CPU = Release|Any CPU
		Release|ARM = Release|ARM
		Release|iPhone = Release|iPhone
		Release|iPhoneSimulator = Release|iPhoneSimulator
		Release|x64 = Release|x64
		Release|x86 = Release|x86
	EndGlobalSection
	GlobalSection(ProjectConfigurationPlatforms) = postSolution
		{10FA2DF7-E2E8-4977-B0A2-5E00A4113D09}.Ad-Hoc|Any CPU.ActiveCfg = Release|Any CPU
		{10FA2DF7-E2E8-4977-B0A2-5E00A4113D09}.Ad-Hoc|Any CPU.Build.0 = Release|Any CPU
		{10FA2DF7-E2E8-4977-B0A2-5E00A4113D09}.Ad-Hoc|Any CPU.Deploy.0 = Release|Any CPU
		{10FA2DF7-E2E8-4977-B0A2-5E00A4113D09}.Ad-Hoc|ARM.ActiveCfg = Release|Any CPU
		{10FA2DF7-E2E8-4977-B0A2-5E00A4113D09}.Ad-Hoc|ARM.Build.0 = Release|Any CPU
		{10FA2DF7-E2E8-4977-B0A2-5E00A4113D09}.Ad-Hoc|ARM.Deploy.0 = Release|Any CPU
		{10FA2DF7-E2E8-4977-B0A2-5E00A4113D09}.Ad-Hoc|iPhone.ActiveCfg = Release|Any CPU
		{10FA2DF7-E2E8-4977-B0A2-5E00A4113D09}.Ad-Hoc|iPhone.Build.0 = Release|Any CPU
		{10FA2DF7-E2E8-4977-B0A2-5E00A4113D09}.Ad-Hoc|iPhone.Deploy.0 = Release|Any CPU
		{10FA2DF7-E2E8-4977-B0A2-5E00A4113D09}.Ad-Hoc|iPhoneSimulator.ActiveCfg = Release|Any CPU
		{10FA2DF7-E2E8-4977-B0A2-5E00A4113D09}.Ad-Hoc|iPhoneSimulator.Build.0 = Release|Any CPU
		{10FA2DF7-E2E8-4977-B0A2-5E00A4113D09}.Ad-Hoc|iPhoneSimulator.Deploy.0 = Release|Any CPU
		{10FA2DF7-E2E8-4977-B0A2-5E00A4113D09}.Ad-Hoc|x64.ActiveCfg = Release|Any CPU
		{10FA2DF7-E2E8-4977-B0A2-5E00A4113D09}.Ad-Hoc|x64.Build.0 = Release|Any CPU
		{10FA2DF7-E2E8-4977-B0A2-5E00A4113D09}.Ad-Hoc|x64.Deploy.0 = Release|Any CPU
		{10FA2DF7-E2E8-4977-B0A2-5E00A4113D09}.Ad-Hoc|x86.ActiveCfg = Release|Any CPU
		{10FA2DF7-E2E8-4977-B0A2-5E00A4113D09}.Ad-Hoc|x86.Build.0 = Release|Any CPU
		{10FA2DF7-E2E8-4977-B0A2-5E00A4113D09}.Ad-Hoc|x86.Deploy.0 = Release|Any CPU
		{10FA2DF7-E2E8-4977-B0A2-5E00A4113D09}.AppStore|Any CPU.ActiveCfg = Release|Any CPU
		{10FA2DF7-E2E8-4977-B0A2-5E00A4113D09}.AppStore|Any CPU.Build.0 = Release|Any CPU
		{10FA2DF7-E2E8-4977-B0A2-5E00A4113D09}.AppStore|Any CPU.Deploy.0 = Release|Any CPU
		{10FA2DF7-E2E8-4977-B0A2-5E00A4113D09}.AppStore|ARM.ActiveCfg = Release|Any CPU
		{10FA2DF7-E2E8-4977-B0A2-5E00A4113D09}.AppStore|ARM.Build.0 = Release|Any CPU
		{10FA2DF7-E2E8-4977-B0A2-5E00A4113D09}.AppStore|ARM.Deploy.0 = Release|Any CPU
		{10FA2DF7-E2E8-4977-B0A2-5E00A4113D09}.AppStore|iPhone.ActiveCfg = Release|Any CPU
		{10FA2DF7-E2E8-4977-B0A2-5E00A4113D09}.AppStore|iPhone.Build.0 = Release|Any CPU
		{10FA2DF7-E2E8-4977-B0A2-5E00A4113D09}.AppStore|iPhone.Deploy.0 = Release|Any CPU
		{10FA2DF7-E2E8-4977-B0A2-5E00A4113D09}.AppStore|iPhoneSimulator.ActiveCfg = Release|Any CPU
		{10FA2DF7-E2E8-4977-B0A2-5E00A4113D09}.AppStore|iPhoneSimulator.Build.0 = Release|Any CPU
		{10FA2DF7-E2E8-4977-B0A2-5E00A4113D09}.AppStore|iPhoneSimulator.Deploy.0 = Release|Any CPU
		{10FA2DF7-E2E8-4977-B0A2-5E00A4113D09}.AppStore|x64.ActiveCfg = Release|Any CPU
		{10FA2DF7-E2E8-4977-B0A2-5E00A4113D09}.AppStore|x64.Build.0 = Release|Any CPU
		{10FA2DF7-E2E8-4977-B0A2-5E00A4113D09}.AppStore|x64.Deploy.0 = Release|Any CPU
		{10FA2DF7-E2E8-4977-B0A2-5E00A4113D09}.AppStore|x86.ActiveCfg = Release|Any CPU
		{10FA2DF7-E2E8-4977-B0A2-5E00A4113D09}.AppStore|x86.Build.0 = Release|Any CPU
		{10FA2DF7-E2E8-4977-B0A2-5E00A4113D09}.AppStore|x86.Deploy.0 = Release|Any CPU
		{10FA2DF7-E2E8-4977-B0A2-5E00A4113D09}.Debug|Any CPU.ActiveCfg = Debug|Any CPU
		{10FA2DF7-E2E8-4977-B0A2-5E00A4113D09}.Debug|Any CPU.Build.0 = Debug|Any CPU
		{10FA2DF7-E2E8-4977-B0A2-5E00A4113D09}.Debug|Any CPU.Deploy.0 = Debug|Any CPU
		{10FA2DF7-E2E8-4977-B0A2-5E00A4113D09}.Debug|ARM.ActiveCfg = Debug|Any CPU
		{10FA2DF7-E2E8-4977-B0A2-5E00A4113D09}.Debug|ARM.Build.0 = Debug|Any CPU
		{10FA2DF7-E2E8-4977-B0A2-5E00A4113D09}.Debug|ARM.Deploy.0 = Debug|Any CPU
		{10FA2DF7-E2E8-4977-B0A2-5E00A4113D09}.Debug|iPhone.ActiveCfg = Debug|Any CPU
		{10FA2DF7-E2E8-4977-B0A2-5E00A4113D09}.Debug|iPhone.Build.0 = Debug|Any CPU
		{10FA2DF7-E2E8-4977-B0A2-5E00A4113D09}.Debug|iPhone.Deploy.0 = Debug|Any CPU
		{10FA2DF7-E2E8-4977-B0A2-5E00A4113D09}.Debug|iPhoneSimulator.ActiveCfg = Debug|Any CPU
		{10FA2DF7-E2E8-4977-B0A2-5E00A4113D09}.Debug|iPhoneSimulator.Build.0 = Debug|Any CPU
		{10FA2DF7-E2E8-4977-B0A2-5E00A4113D09}.Debug|iPhoneSimulator.Deploy.0 = Debug|Any CPU
		{10FA2DF7-E2E8-4977-B0A2-5E00A4113D09}.Debug|x64.ActiveCfg = Debug|Any CPU
		{10FA2DF7-E2E8-4977-B0A2-5E00A4113D09}.Debug|x64.Build.0 = Debug|Any CPU
		{10FA2DF7-E2E8-4977-B0A2-5E00A4113D09}.Debug|x64.Deploy.0 = Debug|Any CPU
		{10FA2DF7-E2E8-4977-B0A2-5E00A4113D09}.Debug|x86.ActiveCfg = Debug|Any CPU
		{10FA2DF7-E2E8-4977-B0A2-5E00A4113D09}.Debug|x86.Build.0 = Debug|Any CPU
		{10FA2DF7-E2E8-4977-B0A2-5E00A4113D09}.Debug|x86.Deploy.0 = Debug|Any CPU
		{10FA2DF7-E2E8-4977-B0A2-5E00A4113D09}.Release|Any CPU.ActiveCfg = Release|Any CPU
		{10FA2DF7-E2E8-4977-B0A2-5E00A4113D09}.Release|Any CPU.Build.0 = Release|Any CPU
		{10FA2DF7-E2E8-4977-B0A2-5E00A4113D09}.Release|Any CPU.Deploy.0 = Release|Any CPU
		{10FA2DF7-E2E8-4977-B0A2-5E00A4113D09}.Release|ARM.ActiveCfg = Release|Any CPU
		{10FA2DF7-E2E8-4977-B0A2-5E00A4113D09}.Release|ARM.Build.0 = Release|Any CPU
		{10FA2DF7-E2E8-4977-B0A2-5E00A4113D09}.Release|ARM.Deploy.0 = Release|Any CPU
		{10FA2DF7-E2E8-4977-B0A2-5E00A4113D09}.Release|iPhone.ActiveCfg = Release|Any CPU
		{10FA2DF7-E2E8-4977-B0A2-5E00A4113D09}.Release|iPhone.Build.0 = Release|Any CPU
		{10FA2DF7-E2E8-4977-B0A2-5E00A4113D09}.Release|iPhone.Deploy.0 = Release|Any CPU
		{10FA2DF7-E2E8-4977-B0A2-5E00A4113D09}.Release|iPhoneSimulator.ActiveCfg = Release|Any CPU
		{10FA2DF7-E2E8-4977-B0A2-5E00A4113D09}.Release|iPhoneSimulator.Build.0 = Release|Any CPU
		{10FA2DF7-E2E8-4977-B0A2-5E00A4113D09}.Release|iPhoneSimulator.Deploy.0 = Release|Any CPU
		{10FA2DF7-E2E8-4977-B0A2-5E00A4113D09}.Release|x64.ActiveCfg = Release|Any CPU
		{10FA2DF7-E2E8-4977-B0A2-5E00A4113D09}.Release|x64.Build.0 = Release|Any CPU
		{10FA2DF7-E2E8-4977-B0A2-5E00A4113D09}.Release|x64.Deploy.0 = Release|Any CPU
		{10FA2DF7-E2E8-4977-B0A2-5E00A4113D09}.Release|x86.ActiveCfg = Release|Any CPU
		{10FA2DF7-E2E8-4977-B0A2-5E00A4113D09}.Release|x86.Build.0 = Release|Any CPU
		{10FA2DF7-E2E8-4977-B0A2-5E00A4113D09}.Release|x86.Deploy.0 = Release|Any CPU
		{487A30BC-8384-4637-A15A-0C7B0ED01180}.Ad-Hoc|Any CPU.ActiveCfg = Ad-Hoc|iPhone
		{487A30BC-8384-4637-A15A-0C7B0ED01180}.Ad-Hoc|Any CPU.Build.0 = Ad-Hoc|iPhone
		{487A30BC-8384-4637-A15A-0C7B0ED01180}.Ad-Hoc|Any CPU.Deploy.0 = Ad-Hoc|iPhone
		{487A30BC-8384-4637-A15A-0C7B0ED01180}.Ad-Hoc|ARM.ActiveCfg = Ad-Hoc|iPhone
		{487A30BC-8384-4637-A15A-0C7B0ED01180}.Ad-Hoc|ARM.Build.0 = Ad-Hoc|iPhone
		{487A30BC-8384-4637-A15A-0C7B0ED01180}.Ad-Hoc|ARM.Deploy.0 = Ad-Hoc|iPhone
		{487A30BC-8384-4637-A15A-0C7B0ED01180}.Ad-Hoc|iPhone.ActiveCfg = Ad-Hoc|iPhone
		{487A30BC-8384-4637-A15A-0C7B0ED01180}.Ad-Hoc|iPhone.Build.0 = Ad-Hoc|iPhone
		{487A30BC-8384-4637-A15A-0C7B0ED01180}.Ad-Hoc|iPhone.Deploy.0 = Ad-Hoc|iPhone
		{487A30BC-8384-4637-A15A-0C7B0ED01180}.Ad-Hoc|iPhoneSimulator.ActiveCfg = Ad-Hoc|iPhoneSimulator
		{487A30BC-8384-4637-A15A-0C7B0ED01180}.Ad-Hoc|iPhoneSimulator.Build.0 = Ad-Hoc|iPhoneSimulator
		{487A30BC-8384-4637-A15A-0C7B0ED01180}.Ad-Hoc|iPhoneSimulator.Deploy.0 = Ad-Hoc|iPhoneSimulator
		{487A30BC-8384-4637-A15A-0C7B0ED01180}.Ad-Hoc|x64.ActiveCfg = Ad-Hoc|iPhone
		{487A30BC-8384-4637-A15A-0C7B0ED01180}.Ad-Hoc|x64.Build.0 = Ad-Hoc|iPhone
		{487A30BC-8384-4637-A15A-0C7B0ED01180}.Ad-Hoc|x64.Deploy.0 = Ad-Hoc|iPhone
		{487A30BC-8384-4637-A15A-0C7B0ED01180}.Ad-Hoc|x86.ActiveCfg = Ad-Hoc|iPhone
		{487A30BC-8384-4637-A15A-0C7B0ED01180}.Ad-Hoc|x86.Build.0 = Ad-Hoc|iPhone
		{487A30BC-8384-4637-A15A-0C7B0ED01180}.Ad-Hoc|x86.Deploy.0 = Ad-Hoc|iPhone
		{487A30BC-8384-4637-A15A-0C7B0ED01180}.AppStore|Any CPU.ActiveCfg = AppStore|iPhone
		{487A30BC-8384-4637-A15A-0C7B0ED01180}.AppStore|Any CPU.Build.0 = AppStore|iPhone
		{487A30BC-8384-4637-A15A-0C7B0ED01180}.AppStore|Any CPU.Deploy.0 = AppStore|iPhone
		{487A30BC-8384-4637-A15A-0C7B0ED01180}.AppStore|ARM.ActiveCfg = AppStore|iPhone
		{487A30BC-8384-4637-A15A-0C7B0ED01180}.AppStore|ARM.Build.0 = AppStore|iPhone
		{487A30BC-8384-4637-A15A-0C7B0ED01180}.AppStore|ARM.Deploy.0 = AppStore|iPhone
		{487A30BC-8384-4637-A15A-0C7B0ED01180}.AppStore|iPhone.ActiveCfg = AppStore|iPhone
		{487A30BC-8384-4637-A15A-0C7B0ED01180}.AppStore|iPhone.Build.0 = AppStore|iPhone
		{487A30BC-8384-4637-A15A-0C7B0ED01180}.AppStore|iPhone.Deploy.0 = AppStore|iPhone
		{487A30BC-8384-4637-A15A-0C7B0ED01180}.AppStore|iPhoneSimulator.ActiveCfg = AppStore|iPhoneSimulator
		{487A30BC-8384-4637-A15A-0C7B0ED01180}.AppStore|iPhoneSimulator.Build.0 = AppStore|iPhoneSimulator
		{487A30BC-8384-4637-A15A-0C7B0ED01180}.AppStore|iPhoneSimulator.Deploy.0 = AppStore|iPhoneSimulator
		{487A30BC-8384-4637-A15A-0C7B0ED01180}.AppStore|x64.ActiveCfg = AppStore|iPhone
		{487A30BC-8384-4637-A15A-0C7B0ED01180}.AppStore|x64.Build.0 = AppStore|iPhone
		{487A30BC-8384-4637-A15A-0C7B0ED01180}.AppStore|x64.Deploy.0 = AppStore|iPhone
		{487A30BC-8384-4637-A15A-0C7B0ED01180}.AppStore|x86.ActiveCfg = AppStore|iPhone
		{487A30BC-8384-4637-A15A-0C7B0ED01180}.AppStore|x86.Build.0 = AppStore|iPhone
		{487A30BC-8384-4637-A15A-0C7B0ED01180}.AppStore|x86.Deploy.0 = AppStore|iPhone
		{487A30BC-8384-4637-A15A-0C7B0ED01180}.Debug|Any CPU.ActiveCfg = Debug|iPhoneSimulator
		{487A30BC-8384-4637-A15A-0C7B0ED01180}.Debug|Any CPU.Build.0 = Debug|iPhoneSimulator
		{487A30BC-8384-4637-A15A-0C7B0ED01180}.Debug|Any CPU.Deploy.0 = Debug|iPhoneSimulator
		{487A30BC-8384-4637-A15A-0C7B0ED01180}.Debug|ARM.ActiveCfg = Debug|iPhone
		{487A30BC-8384-4637-A15A-0C7B0ED01180}.Debug|ARM.Build.0 = Debug|iPhone
		{487A30BC-8384-4637-A15A-0C7B0ED01180}.Debug|ARM.Deploy.0 = Debug|iPhone
		{487A30BC-8384-4637-A15A-0C7B0ED01180}.Debug|iPhone.ActiveCfg = Debug|iPhone
		{487A30BC-8384-4637-A15A-0C7B0ED01180}.Debug|iPhone.Build.0 = Debug|iPhone
		{487A30BC-8384-4637-A15A-0C7B0ED01180}.Debug|iPhone.Deploy.0 = Debug|iPhone
		{487A30BC-8384-4637-A15A-0C7B0ED01180}.Debug|iPhoneSimulator.ActiveCfg = Debug|iPhoneSimulator
		{487A30BC-8384-4637-A15A-0C7B0ED01180}.Debug|iPhoneSimulator.Build.0 = Debug|iPhoneSimulator
		{487A30BC-8384-4637-A15A-0C7B0ED01180}.Debug|iPhoneSimulator.Deploy.0 = Debug|iPhoneSimulator
		{487A30BC-8384-4637-A15A-0C7B0ED01180}.Debug|x64.ActiveCfg = Debug|iPhone
		{487A30BC-8384-4637-A15A-0C7B0ED01180}.Debug|x64.Build.0 = Debug|iPhone
		{487A30BC-8384-4637-A15A-0C7B0ED01180}.Debug|x64.Deploy.0 = Debug|iPhone
		{487A30BC-8384-4637-A15A-0C7B0ED01180}.Debug|x86.ActiveCfg = Debug|iPhone
		{487A30BC-8384-4637-A15A-0C7B0ED01180}.Debug|x86.Build.0 = Debug|iPhone
		{487A30BC-8384-4637-A15A-0C7B0ED01180}.Debug|x86.Deploy.0 = Debug|iPhone
		{487A30BC-8384-4637-A15A-0C7B0ED01180}.Release|Any CPU.ActiveCfg = Release|iPhone
		{487A30BC-8384-4637-A15A-0C7B0ED01180}.Release|Any CPU.Build.0 = Release|iPhone
		{487A30BC-8384-4637-A15A-0C7B0ED01180}.Release|Any CPU.Deploy.0 = Release|iPhone
		{487A30BC-8384-4637-A15A-0C7B0ED01180}.Release|ARM.ActiveCfg = Release|iPhone
		{487A30BC-8384-4637-A15A-0C7B0ED01180}.Release|ARM.Build.0 = Release|iPhone
		{487A30BC-8384-4637-A15A-0C7B0ED01180}.Release|ARM.Deploy.0 = Release|iPhone
		{487A30BC-8384-4637-A15A-0C7B0ED01180}.Release|iPhone.ActiveCfg = Release|iPhone
		{487A30BC-8384-4637-A15A-0C7B0ED01180}.Release|iPhone.Build.0 = Release|iPhone
		{487A30BC-8384-4637-A15A-0C7B0ED01180}.Release|iPhone.Deploy.0 = Release|iPhone
		{487A30BC-8384-4637-A15A-0C7B0ED01180}.Release|iPhoneSimulator.ActiveCfg = Release|iPhoneSimulator
		{487A30BC-8384-4637-A15A-0C7B0ED01180}.Release|iPhoneSimulator.Build.0 = Release|iPhoneSimulator
		{487A30BC-8384-4637-A15A-0C7B0ED01180}.Release|iPhoneSimulator.Deploy.0 = Release|iPhoneSimulator
		{487A30BC-8384-4637-A15A-0C7B0ED01180}.Release|x64.ActiveCfg = Release|iPhone
		{487A30BC-8384-4637-A15A-0C7B0ED01180}.Release|x64.Build.0 = Release|iPhone
		{487A30BC-8384-4637-A15A-0C7B0ED01180}.Release|x64.Deploy.0 = Release|iPhone
		{487A30BC-8384-4637-A15A-0C7B0ED01180}.Release|x86.ActiveCfg = Release|iPhone
		{487A30BC-8384-4637-A15A-0C7B0ED01180}.Release|x86.Build.0 = Release|iPhone
		{487A30BC-8384-4637-A15A-0C7B0ED01180}.Release|x86.Deploy.0 = Release|iPhone
		{09E520C4-3BC3-4B59-B756-377580D161FF}.Ad-Hoc|Any CPU.ActiveCfg = Release|x86
		{09E520C4-3BC3-4B59-B756-377580D161FF}.Ad-Hoc|Any CPU.Build.0 = Release|x86
		{09E520C4-3BC3-4B59-B756-377580D161FF}.Ad-Hoc|Any CPU.Deploy.0 = Release|x86
		{09E520C4-3BC3-4B59-B756-377580D161FF}.Ad-Hoc|ARM.ActiveCfg = Release|ARM
		{09E520C4-3BC3-4B59-B756-377580D161FF}.Ad-Hoc|ARM.Build.0 = Release|ARM
		{09E520C4-3BC3-4B59-B756-377580D161FF}.Ad-Hoc|ARM.Deploy.0 = Release|ARM
		{09E520C4-3BC3-4B59-B756-377580D161FF}.Ad-Hoc|iPhone.ActiveCfg = Release|x86
		{09E520C4-3BC3-4B59-B756-377580D161FF}.Ad-Hoc|iPhone.Build.0 = Release|x86
		{09E520C4-3BC3-4B59-B756-377580D161FF}.Ad-Hoc|iPhone.Deploy.0 = Release|x86
		{09E520C4-3BC3-4B59-B756-377580D161FF}.Ad-Hoc|iPhoneSimulator.ActiveCfg = Release|x86
		{09E520C4-3BC3-4B59-B756-377580D161FF}.Ad-Hoc|iPhoneSimulator.Build.0 = Release|x86
		{09E520C4-3BC3-4B59-B756-377580D161FF}.Ad-Hoc|iPhoneSimulator.Deploy.0 = Release|x86
		{09E520C4-3BC3-4B59-B756-377580D161FF}.Ad-Hoc|x64.ActiveCfg = Release|x64
		{09E520C4-3BC3-4B59-B756-377580D161FF}.Ad-Hoc|x64.Build.0 = Release|x64
		{09E520C4-3BC3-4B59-B756-377580D161FF}.Ad-Hoc|x64.Deploy.0 = Release|x64
		{09E520C4-3BC3-4B59-B756-377580D161FF}.Ad-Hoc|x86.ActiveCfg = Release|x86
		{09E520C4-3BC3-4B59-B756-377580D161FF}.Ad-Hoc|x86.Build.0 = Release|x86
		{09E520C4-3BC3-4B59-B756-377580D161FF}.Ad-Hoc|x86.Deploy.0 = Release|x86
		{09E520C4-3BC3-4B59-B756-377580D161FF}.AppStore|Any CPU.ActiveCfg = Release|x86
		{09E520C4-3BC3-4B59-B756-377580D161FF}.AppStore|Any CPU.Build.0 = Release|x86
		{09E520C4-3BC3-4B59-B756-377580D161FF}.AppStore|Any CPU.Deploy.0 = Release|x86
		{09E520C4-3BC3-4B59-B756-377580D161FF}.AppStore|ARM.ActiveCfg = Release|ARM
		{09E520C4-3BC3-4B59-B756-377580D161FF}.AppStore|ARM.Build.0 = Release|ARM
		{09E520C4-3BC3-4B59-B756-377580D161FF}.AppStore|ARM.Deploy.0 = Release|ARM
		{09E520C4-3BC3-4B59-B756-377580D161FF}.AppStore|iPhone.ActiveCfg = Release|x86
		{09E520C4-3BC3-4B59-B756-377580D161FF}.AppStore|iPhone.Build.0 = Release|x86
		{09E520C4-3BC3-4B59-B756-377580D161FF}.AppStore|iPhone.Deploy.0 = Release|x86
		{09E520C4-3BC3-4B59-B756-377580D161FF}.AppStore|iPhoneSimulator.ActiveCfg = Release|x86
		{09E520C4-3BC3-4B59-B756-377580D161FF}.AppStore|iPhoneSimulator.Build.0 = Release|x86
		{09E520C4-3BC3-4B59-B756-377580D161FF}.AppStore|iPhoneSimulator.Deploy.0 = Release|x86
		{09E520C4-3BC3-4B59-B756-377580D161FF}.AppStore|x64.ActiveCfg = Release|x64
		{09E520C4-3BC3-4B59-B756-377580D161FF}.AppStore|x64.Build.0 = Release|x64
		{09E520C4-3BC3-4B59-B756-377580D161FF}.AppStore|x64.Deploy.0 = Release|x64
		{09E520C4-3BC3-4B59-B756-377580D161FF}.AppStore|x86.ActiveCfg = Release|x86
		{09E520C4-3BC3-4B59-B756-377580D161FF}.AppStore|x86.Build.0 = Release|x86
		{09E520C4-3BC3-4B59-B756-377580D161FF}.AppStore|x86.Deploy.0 = Release|x86
		{09E520C4-3BC3-4B59-B756-377580D161FF}.Debug|Any CPU.ActiveCfg = Debug|x86
		{09E520C4-3BC3-4B59-B756-377580D161FF}.Debug|Any CPU.Build.0 = Debug|x86
		{09E520C4-3BC3-4B59-B756-377580D161FF}.Debug|Any CPU.Deploy.0 = Debug|x86
		{09E520C4-3BC3-4B59-B756-377580D161FF}.Debug|ARM.ActiveCfg = Debug|ARM
		{09E520C4-3BC3-4B59-B756-377580D161FF}.Debug|ARM.Build.0 = Debug|ARM
		{09E520C4-3BC3-4B59-B756-377580D161FF}.Debug|ARM.Deploy.0 = Debug|ARM
		{09E520C4-3BC3-4B59-B756-377580D161FF}.Debug|iPhone.ActiveCfg = Debug|x86
		{09E520C4-3BC3-4B59-B756-377580D161FF}.Debug|iPhone.Build.0 = Debug|x86
		{09E520C4-3BC3-4B59-B756-377580D161FF}.Debug|iPhone.Deploy.0 = Debug|x86
		{09E520C4-3BC3-4B59-B756-377580D161FF}.Debug|iPhoneSimulator.ActiveCfg = Debug|x86
		{09E520C4-3BC3-4B59-B756-377580D161FF}.Debug|iPhoneSimulator.Build.0 = Debug|x86
		{09E520C4-3BC3-4B59-B756-377580D161FF}.Debug|iPhoneSimulator.Deploy.0 = Debug|x86
		{09E520C4-3BC3-4B59-B756-377580D161FF}.Debug|x64.ActiveCfg = Debug|x64
		{09E520C4-3BC3-4B59-B756-377580D161FF}.Debug|x64.Build.0 = Debug|x64
		{09E520C4-3BC3-4B59-B756-377580D161FF}.Debug|x64.Deploy.0 = Debug|x64
		{09E520C4-3BC3-4B59-B756-377580D161FF}.Debug|x86.ActiveCfg = Debug|x86
		{09E520C4-3BC3-4B59-B756-377580D161FF}.Debug|x86.Build.0 = Debug|x86
		{09E520C4-3BC3-4B59-B756-377580D161FF}.Debug|x86.Deploy.0 = Debug|x86
		{09E520C4-3BC3-4B59-B756-377580D161FF}.Release|Any CPU.ActiveCfg = Release|x86
		{09E520C4-3BC3-4B59-B756-377580D161FF}.Release|Any CPU.Build.0 = Release|x86
		{09E520C4-3BC3-4B59-B756-377580D161FF}.Release|Any CPU.Deploy.0 = Release|x86
		{09E520C4-3BC3-4B59-B756-377580D161FF}.Release|ARM.ActiveCfg = Release|ARM
		{09E520C4-3BC3-4B59-B756-377580D161FF}.Release|ARM.Build.0 = Release|ARM
		{09E520C4-3BC3-4B59-B756-377580D161FF}.Release|ARM.Deploy.0 = Release|ARM
		{09E520C4-3BC3-4B59-B756-377580D161FF}.Release|iPhone.ActiveCfg = Release|x86
		{09E520C4-3BC3-4B59-B756-377580D161FF}.Release|iPhone.Build.0 = Release|x86
		{09E520C4-3BC3-4B59-B756-377580D161FF}.Release|iPhone.Deploy.0 = Release|x86
		{09E520C4-3BC3-4B59-B756-377580D161FF}.Release|iPhoneSimulator.ActiveCfg = Release|x86
		{09E520C4-3BC3-4B59-B756-377580D161FF}.Release|iPhoneSimulator.Build.0 = Release|x86
		{09E520C4-3BC3-4B59-B756-377580D161FF}.Release|iPhoneSimulator.Deploy.0 = Release|x86
		{09E520C4-3BC3-4B59-B756-377580D161FF}.Release|x64.ActiveCfg = Release|x64
		{09E520C4-3BC3-4B59-B756-377580D161FF}.Release|x64.Build.0 = Release|x64
		{09E520C4-3BC3-4B59-B756-377580D161FF}.Release|x64.Deploy.0 = Release|x64
		{09E520C4-3BC3-4B59-B756-377580D161FF}.Release|x86.ActiveCfg = Release|x86
		{09E520C4-3BC3-4B59-B756-377580D161FF}.Release|x86.Build.0 = Release|x86
		{09E520C4-3BC3-4B59-B756-377580D161FF}.Release|x86.Deploy.0 = Release|x86
		{C1953A48-4115-402D-9B1A-AB7345174289}.Ad-Hoc|Any CPU.ActiveCfg = Debug|Any CPU
		{C1953A48-4115-402D-9B1A-AB7345174289}.Ad-Hoc|Any CPU.Build.0 = Debug|Any CPU
		{C1953A48-4115-402D-9B1A-AB7345174289}.Ad-Hoc|Any CPU.Deploy.0 = Debug|Any CPU
		{C1953A48-4115-402D-9B1A-AB7345174289}.Ad-Hoc|ARM.ActiveCfg = Debug|Any CPU
		{C1953A48-4115-402D-9B1A-AB7345174289}.Ad-Hoc|ARM.Build.0 = Debug|Any CPU
		{C1953A48-4115-402D-9B1A-AB7345174289}.Ad-Hoc|ARM.Deploy.0 = Debug|Any CPU
		{C1953A48-4115-402D-9B1A-AB7345174289}.Ad-Hoc|iPhone.ActiveCfg = Debug|Any CPU
		{C1953A48-4115-402D-9B1A-AB7345174289}.Ad-Hoc|iPhone.Build.0 = Debug|Any CPU
		{C1953A48-4115-402D-9B1A-AB7345174289}.Ad-Hoc|iPhone.Deploy.0 = Debug|Any CPU
		{C1953A48-4115-402D-9B1A-AB7345174289}.Ad-Hoc|iPhoneSimulator.ActiveCfg = Debug|Any CPU
		{C1953A48-4115-402D-9B1A-AB7345174289}.Ad-Hoc|iPhoneSimulator.Build.0 = Debug|Any CPU
		{C1953A48-4115-402D-9B1A-AB7345174289}.Ad-Hoc|iPhoneSimulator.Deploy.0 = Debug|Any CPU
		{C1953A48-4115-402D-9B1A-AB7345174289}.Ad-Hoc|x64.ActiveCfg = Debug|Any CPU
		{C1953A48-4115-402D-9B1A-AB7345174289}.Ad-Hoc|x64.Build.0 = Debug|Any CPU
		{C1953A48-4115-402D-9B1A-AB7345174289}.Ad-Hoc|x64.Deploy.0 = Debug|Any CPU
		{C1953A48-4115-402D-9B1A-AB7345174289}.Ad-Hoc|x86.ActiveCfg = Debug|Any CPU
		{C1953A48-4115-402D-9B1A-AB7345174289}.Ad-Hoc|x86.Build.0 = Debug|Any CPU
		{C1953A48-4115-402D-9B1A-AB7345174289}.Ad-Hoc|x86.Deploy.0 = Debug|Any CPU
		{C1953A48-4115-402D-9B1A-AB7345174289}.AppStore|Any CPU.ActiveCfg = Debug|Any CPU
		{C1953A48-4115-402D-9B1A-AB7345174289}.AppStore|Any CPU.Build.0 = Debug|Any CPU
		{C1953A48-4115-402D-9B1A-AB7345174289}.AppStore|Any CPU.Deploy.0 = Debug|Any CPU
		{C1953A48-4115-402D-9B1A-AB7345174289}.AppStore|ARM.ActiveCfg = Debug|Any CPU
		{C1953A48-4115-402D-9B1A-AB7345174289}.AppStore|ARM.Build.0 = Debug|Any CPU
		{C1953A48-4115-402D-9B1A-AB7345174289}.AppStore|ARM.Deploy.0 = Debug|Any CPU
		{C1953A48-4115-402D-9B1A-AB7345174289}.AppStore|iPhone.ActiveCfg = Debug|Any CPU
		{C1953A48-4115-402D-9B1A-AB7345174289}.AppStore|iPhone.Build.0 = Debug|Any CPU
		{C1953A48-4115-402D-9B1A-AB7345174289}.AppStore|iPhone.Deploy.0 = Debug|Any CPU
		{C1953A48-4115-402D-9B1A-AB7345174289}.AppStore|iPhoneSimulator.ActiveCfg = Debug|Any CPU
		{C1953A48-4115-402D-9B1A-AB7345174289}.AppStore|iPhoneSimulator.Build.0 = Debug|Any CPU
		{C1953A48-4115-402D-9B1A-AB7345174289}.AppStore|iPhoneSimulator.Deploy.0 = Debug|Any CPU
		{C1953A48-4115-402D-9B1A-AB7345174289}.AppStore|x64.ActiveCfg = Debug|Any CPU
		{C1953A48-4115-402D-9B1A-AB7345174289}.AppStore|x64.Build.0 = Debug|Any CPU
		{C1953A48-4115-402D-9B1A-AB7345174289}.AppStore|x64.Deploy.0 = Debug|Any CPU
		{C1953A48-4115-402D-9B1A-AB7345174289}.AppStore|x86.ActiveCfg = Debug|Any CPU
		{C1953A48-4115-402D-9B1A-AB7345174289}.AppStore|x86.Build.0 = Debug|Any CPU
		{C1953A48-4115-402D-9B1A-AB7345174289}.AppStore|x86.Deploy.0 = Debug|Any CPU
		{C1953A48-4115-402D-9B1A-AB7345174289}.Debug|Any CPU.ActiveCfg = Debug|Any CPU
		{C1953A48-4115-402D-9B1A-AB7345174289}.Debug|Any CPU.Build.0 = Debug|Any CPU
		{C1953A48-4115-402D-9B1A-AB7345174289}.Debug|Any CPU.Deploy.0 = Debug|Any CPU
		{C1953A48-4115-402D-9B1A-AB7345174289}.Debug|ARM.ActiveCfg = Debug|Any CPU
		{C1953A48-4115-402D-9B1A-AB7345174289}.Debug|ARM.Build.0 = Debug|Any CPU
		{C1953A48-4115-402D-9B1A-AB7345174289}.Debug|ARM.Deploy.0 = Debug|Any CPU
		{C1953A48-4115-402D-9B1A-AB7345174289}.Debug|iPhone.ActiveCfg = Debug|Any CPU
		{C1953A48-4115-402D-9B1A-AB7345174289}.Debug|iPhone.Build.0 = Debug|Any CPU
		{C1953A48-4115-402D-9B1A-AB7345174289}.Debug|iPhone.Deploy.0 = Debug|Any CPU
		{C1953A48-4115-402D-9B1A-AB7345174289}.Debug|iPhoneSimulator.ActiveCfg = Debug|Any CPU
		{C1953A48-4115-402D-9B1A-AB7345174289}.Debug|iPhoneSimulator.Build.0 = Debug|Any CPU
		{C1953A48-4115-402D-9B1A-AB7345174289}.Debug|iPhoneSimulator.Deploy.0 = Debug|Any CPU
		{C1953A48-4115-402D-9B1A-AB7345174289}.Debug|x64.ActiveCfg = Debug|Any CPU
		{C1953A48-4115-402D-9B1A-AB7345174289}.Debug|x64.Build.0 = Debug|Any CPU
		{C1953A48-4115-402D-9B1A-AB7345174289}.Debug|x64.Deploy.0 = Debug|Any CPU
		{C1953A48-4115-402D-9B1A-AB7345174289}.Debug|x86.ActiveCfg = Debug|Any CPU
		{C1953A48-4115-402D-9B1A-AB7345174289}.Debug|x86.Build.0 = Debug|Any CPU
		{C1953A48-4115-402D-9B1A-AB7345174289}.Debug|x86.Deploy.0 = Debug|Any CPU
		{C1953A48-4115-402D-9B1A-AB7345174289}.Release|Any CPU.ActiveCfg = Release|Any CPU
		{C1953A48-4115-402D-9B1A-AB7345174289}.Release|Any CPU.Build.0 = Release|Any CPU
		{C1953A48-4115-402D-9B1A-AB7345174289}.Release|Any CPU.Deploy.0 = Release|Any CPU
		{C1953A48-4115-402D-9B1A-AB7345174289}.Release|ARM.ActiveCfg = Release|Any CPU
		{C1953A48-4115-402D-9B1A-AB7345174289}.Release|ARM.Build.0 = Release|Any CPU
		{C1953A48-4115-402D-9B1A-AB7345174289}.Release|ARM.Deploy.0 = Release|Any CPU
		{C1953A48-4115-402D-9B1A-AB7345174289}.Release|iPhone.ActiveCfg = Release|Any CPU
		{C1953A48-4115-402D-9B1A-AB7345174289}.Release|iPhone.Build.0 = Release|Any CPU
		{C1953A48-4115-402D-9B1A-AB7345174289}.Release|iPhone.Deploy.0 = Release|Any CPU
		{C1953A48-4115-402D-9B1A-AB7345174289}.Release|iPhoneSimulator.ActiveCfg = Release|Any CPU
		{C1953A48-4115-402D-9B1A-AB7345174289}.Release|iPhoneSimulator.Build.0 = Release|Any CPU
		{C1953A48-4115-402D-9B1A-AB7345174289}.Release|iPhoneSimulator.Deploy.0 = Release|Any CPU
		{C1953A48-4115-402D-9B1A-AB7345174289}.Release|x64.ActiveCfg = Release|Any CPU
		{C1953A48-4115-402D-9B1A-AB7345174289}.Release|x64.Build.0 = Release|Any CPU
		{C1953A48-4115-402D-9B1A-AB7345174289}.Release|x64.Deploy.0 = Release|Any CPU
		{C1953A48-4115-402D-9B1A-AB7345174289}.Release|x86.ActiveCfg = Release|Any CPU
		{C1953A48-4115-402D-9B1A-AB7345174289}.Release|x86.Build.0 = Release|Any CPU
		{C1953A48-4115-402D-9B1A-AB7345174289}.Release|x86.Deploy.0 = Release|Any CPU
	EndGlobalSection
	GlobalSection(SolutionProperties) = preSolution
		HideSolutionNode = FALSE
	EndGlobalSection
	GlobalSection(ExtensibilityGlobals) = postSolution
		SolutionGuid = {B1CB7713-F00A-4B8B-A741-A30C5076116B}
	EndGlobalSection
EndGlobal
